
Microsoft Visual Studio Solution File, Format Version 12.00
Project("{FAE04EC0-301F-11D3-BF4B-00C04F79EFBC}") = "GuitarHobbyWebApp", "GuitarHobbyWebApp\GuitarHobbyWebApp.csproj", "{79B0823F-0AC4-4781-AE9D-1F194B572953}"
EndProject
Global
	GlobalSection(SolutionConfigurationPlatforms) = preSolution
		Debug|Any CPU = Debug|Any CPU
		Release|Any CPU = Release|Any CPU
	EndGlobalSection
	GlobalSection(ProjectConfigurationPlatforms) = postSolution
		{79B0823F-0AC4-4781-AE9D-1F194B572953}.Debug|Any CPU.ActiveCfg = Debug|Any CPU
		{79B0823F-0AC4-4781-AE9D-1F194B572953}.Debug|Any CPU.Build.0 = Debug|Any CPU
		{79B0823F-0AC4-4781-AE9D-1F194B572953}.Release|Any CPU.ActiveCfg = Release|Any CPU
		{79B0823F-0AC4-4781-AE9D-1F194B572953}.Release|Any CPU.Build.0 = Release|Any CPU
	EndGlobalSection
EndGlobal
